
Microsoft Visual Studio Solution File, Format Version 12.00
# Visual Studio Version 17
VisualStudioVersion = 17.9.34728.123
MinimumVisualStudioVersion = 10.0.40219.1
Project("{FAE04EC0-301F-11D3-BF4B-00C04F79EFBC}") = "GoshenJimenez.ListPractiseExercise", "GoshenJimenez.ListPractiseExercise\GoshenJimenez.ListPractiseExercise.csproj", "{EF1D15CE-1E64-4F98-8B84-0A2198FEB901}"
EndProject
Global
	GlobalSection(SolutionConfigurationPlatforms) = preSolution
		Debug|Any CPU = Debug|Any CPU
		Release|Any CPU = Release|Any CPU
	EndGlobalSection
	GlobalSection(ProjectConfigurationPlatforms) = postSolution
		{EF1D15CE-1E64-4F98-8B84-0A2198FEB901}.Debug|Any CPU.ActiveCfg = Debug|Any CPU
		{EF1D15CE-1E64-4F98-8B84-0A2198FEB901}.Debug|Any CPU.Build.0 = Debug|Any CPU
		{EF1D15CE-1E64-4F98-8B84-0A2198FEB901}.Release|Any CPU.ActiveCfg = Release|Any CPU
		{EF1D15CE-1E64-4F98-8B84-0A2198FEB901}.Release|Any CPU.Build.0 = Release|Any CPU
	EndGlobalSection
	GlobalSection(SolutionProperties) = preSolution
		HideSolutionNode = FALSE
	EndGlobalSection
	GlobalSection(ExtensibilityGlobals) = postSolution
		SolutionGuid = {841E9BA6-0777-4BC8-A0D6-638F3F911934}
	EndGlobalSection
EndGlobal
